{
  "name": "battleserver",
  "version": "1.0.0",
  "lockfileVersion": 3,
  "requires": true,
  "packages": {
    "": {
      "name": "battleserver",
      "version": "1.0.0",
      "license": "ISC",
      "dependencies": {
        "@bufbuild/protobuf": "^2.2.1",
        "acorn": "^8.14.0",
        "acorn-walk": "^8.3.4",
        "anymatch": "^3.1.3",
        "arg": "^4.1.3",
        "aws-ssl-profiles": "^1.1.2",
        "balanced-match": "^1.0.2",
        "binary-extensions": "^2.3.0",
        "brace-expansion": "^1.1.11",
        "braces": "^3.0.3",
        "case-anything": "^2.1.13",
        "chokidar": "^3.6.0",
        "concat-map": "^0.0.1",
        "create-require": "^1.1.1",
        "debug": "^4.3.7",
        "denque": "^2.1.0",
        "detect-libc": "^1.0.3",
        "diff": "^4.0.2",
        "dotenv": "^16.4.5",
        "dprint-node": "^1.0.8",
        "fill-range": "^7.1.1",
        "generate-function": "^2.3.1",
        "glob-parent": "^5.1.2",
        "has-flag": "^3.0.0",
        "iconv-lite": "^0.6.3",
        "ignore-by-default": "^1.0.1",
        "is-binary-path": "^2.1.0",
        "is-extglob": "^2.1.1",
        "is-glob": "^4.0.3",
        "is-number": "^7.0.0",
        "is-property": "^1.0.2",
        "json5": "^2.2.3",
        "lodash": "^4.17.21",
        "long": "^5.2.3",
        "lru-cache": "^7.18.3",
        "lru.min": "^1.1.1",
        "make-error": "^1.3.6",
        "minimatch": "^3.1.2",
        "minimist": "^1.2.8",
        "ms": "^2.1.3",
        "mysql2": "^3.11.3",
        "named-placeholders": "^1.1.3",
        "normalize-path": "^3.0.0",
        "picomatch": "^2.3.1",
        "prettier": "^3.3.3",
        "pstree.remy": "^1.1.8",
        "readdirp": "^3.6.0",
        "safer-buffer": "^2.1.2",
        "semver": "^7.6.3",
        "seq-queue": "^0.0.5",
        "servercore": "^1.0.0",
        "simple-update-notifier": "^2.0.0",
        "sqlstring": "^2.3.3",
        "strip-bom": "^3.0.0",
        "supports-color": "^5.5.0",
        "to-regex-range": "^5.0.1",
        "touch": "^3.1.1",
        "ts-poet": "^6.9.0",
        "ts-proto": "^2.2.5",
        "ts-proto-descriptors": "^2.0.0",
        "tsconfig-paths": "^4.2.0",
        "undefsafe": "^2.0.5",
        "undici-types": "^6.19.8",
        "uuid": "^10.0.0",
        "v8-compile-cache-lib": "^3.0.1",
        "yn": "^3.1.1"
      },
      "devDependencies": {
        "@bufbuild/buf": "^1.46.0",
        "@bufbuild/protoc-gen-es": "^2.2.1",
        "@types/express": "^5.0.0",
        "@types/node": "^22.8.4",
        "@types/uuid": "^10.0.0",
        "nodemon": "^3.1.7",
        "ts-node": "^10.9.2",
        "typescript": "^5.6.3"
      }
    },
    "../ServerCore": {
      "name": "servercore",
      "version": "1.0.0",
      "license": "ISC",
      "dependencies": {
        "@bufbuild/protobuf": "^2.2.1",
        "dotenv": "^16.4.5",
        "lodash": "^4.17.21"
      },
      "devDependencies": {
        "@bufbuild/buf": "^1.46.0",
        "@bufbuild/protoc-gen-es": "^2.2.1",
        "@types/express": "^5.0.0",
        "@types/lodash": "^4.17.12",
        "@types/node": "^22.8.0",
        "nodemon": "^3.1.7",
        "ts-node": "^10.9.2",
        "typescript": "^5.6.3"
      }
    },
    "../ServerCore/node_modules/@bufbuild/buf": {
      "version": "1.45.0",
      "dev": true,
      "hasInstallScript": true,
      "license": "Apache-2.0",
      "bin": {
        "buf": "bin/buf",
        "protoc-gen-buf-breaking": "bin/protoc-gen-buf-breaking",
        "protoc-gen-buf-lint": "bin/protoc-gen-buf-lint"
      },
      "engines": {
        "node": ">=12"
      },
      "optionalDependencies": {
        "@bufbuild/buf-darwin-arm64": "1.45.0",
        "@bufbuild/buf-darwin-x64": "1.45.0",
        "@bufbuild/buf-linux-aarch64": "1.45.0",
        "@bufbuild/buf-linux-x64": "1.45.0",
        "@bufbuild/buf-win32-arm64": "1.45.0",
        "@bufbuild/buf-win32-x64": "1.45.0"
      }
    },
    "../ServerCore/node_modules/@bufbuild/buf-win32-x64": {
      "version": "1.45.0",
      "cpu": [
        "x64"
      ],
      "dev": true,
      "license": "Apache-2.0",
      "optional": true,
      "os": [
        "win32"
      ],
      "engines": {
        "node": ">=12"
      }
    },
    "../ServerCore/node_modules/@bufbuild/protobuf": {
      "version": "2.2.0",
      "license": "(Apache-2.0 AND BSD-3-Clause)"
    },
    "../ServerCore/node_modules/@bufbuild/protoc-gen-es": {
      "version": "2.2.0",
      "dev": true,
      "license": "Apache-2.0",
      "dependencies": {
        "@bufbuild/protobuf": "^2.2.0",
        "@bufbuild/protoplugin": "2.2.0"
      },
      "bin": {
        "protoc-gen-es": "bin/protoc-gen-es"
      },
      "engines": {
        "node": ">=14"
      },
      "peerDependencies": {
        "@bufbuild/protobuf": "2.2.0"
      },
      "peerDependenciesMeta": {
        "@bufbuild/protobuf": {
          "optional": true
        }
      }
    },
    "../ServerCore/node_modules/@bufbuild/protoplugin": {
      "version": "2.2.0",
      "dev": true,
      "license": "Apache-2.0",
      "dependencies": {
        "@bufbuild/protobuf": "2.2.0",
        "@typescript/vfs": "^1.5.2",
        "typescript": "5.4.5"
      }
    },
    "../ServerCore/node_modules/@bufbuild/protoplugin/node_modules/typescript": {
      "version": "5.4.5",
      "dev": true,
      "license": "Apache-2.0",
      "bin": {
        "tsc": "bin/tsc",
        "tsserver": "bin/tsserver"
      },
      "engines": {
        "node": ">=14.17"
      }
    },
    "../ServerCore/node_modules/@cspotcode/source-map-support": {
      "version": "0.8.1",
      "dev": true,
      "license": "MIT",
      "dependencies": {
        "@jridgewell/trace-mapping": "0.3.9"
      },
      "engines": {
        "node": ">=12"
      }
    },
    "../ServerCore/node_modules/@jridgewell/resolve-uri": {
      "version": "3.1.2",
      "dev": true,
      "license": "MIT",
      "engines": {
        "node": ">=6.0.0"
      }
    },
    "../ServerCore/node_modules/@jridgewell/sourcemap-codec": {
      "version": "1.5.0",
      "dev": true,
      "license": "MIT"
    },
    "../ServerCore/node_modules/@jridgewell/trace-mapping": {
      "version": "0.3.9",
      "dev": true,
      "license": "MIT",
      "dependencies": {
        "@jridgewell/resolve-uri": "^3.0.3",
        "@jridgewell/sourcemap-codec": "^1.4.10"
      }
    },
    "../ServerCore/node_modules/@tsconfig/node10": {
      "version": "1.0.11",
      "dev": true,
      "license": "MIT"
    },
    "../ServerCore/node_modules/@tsconfig/node12": {
      "version": "1.0.11",
      "dev": true,
      "license": "MIT"
    },
    "../ServerCore/node_modules/@tsconfig/node14": {
      "version": "1.0.3",
      "dev": true,
      "license": "MIT"
    },
    "../ServerCore/node_modules/@tsconfig/node16": {
      "version": "1.0.4",
      "dev": true,
      "license": "MIT"
    },
    "../ServerCore/node_modules/@types/body-parser": {
      "version": "1.19.5",
      "dev": true,
      "license": "MIT",
      "dependencies": {
        "@types/connect": "*",
        "@types/node": "*"
      }
    },
    "../ServerCore/node_modules/@types/connect": {
      "version": "3.4.38",
      "dev": true,
      "license": "MIT",
      "dependencies": {
        "@types/node": "*"
      }
    },
    "../ServerCore/node_modules/@types/express": {
      "version": "5.0.0",
      "dev": true,
      "license": "MIT",
      "dependencies": {
        "@types/body-parser": "*",
        "@types/express-serve-static-core": "^5.0.0",
        "@types/qs": "*",
        "@types/serve-static": "*"
      }
    },
    "../ServerCore/node_modules/@types/express-serve-static-core": {
      "version": "5.0.1",
      "dev": true,
      "license": "MIT",
      "dependencies": {
        "@types/node": "*",
        "@types/qs": "*",
        "@types/range-parser": "*",
        "@types/send": "*"
      }
    },
    "../ServerCore/node_modules/@types/http-errors": {
      "version": "2.0.4",
      "dev": true,
      "license": "MIT"
    },
    "../ServerCore/node_modules/@types/lodash": {
      "version": "4.17.12",
      "dev": true,
      "license": "MIT"
    },
    "../ServerCore/node_modules/@types/mime": {
      "version": "1.3.5",
      "dev": true,
      "license": "MIT"
    },
    "../ServerCore/node_modules/@types/node": {
      "version": "22.8.0",
      "dev": true,
      "license": "MIT",
      "dependencies": {
        "undici-types": "~6.19.8"
      }
    },
    "../ServerCore/node_modules/@types/qs": {
      "version": "6.9.16",
      "dev": true,
      "license": "MIT"
    },
    "../ServerCore/node_modules/@types/range-parser": {
      "version": "1.2.7",
      "dev": true,
      "license": "MIT"
    },
    "../ServerCore/node_modules/@types/send": {
      "version": "0.17.4",
      "dev": true,
      "license": "MIT",
      "dependencies": {
        "@types/mime": "^1",
        "@types/node": "*"
      }
    },
    "../ServerCore/node_modules/@types/serve-static": {
      "version": "1.15.7",
      "dev": true,
      "license": "MIT",
      "dependencies": {
        "@types/http-errors": "*",
        "@types/node": "*",
        "@types/send": "*"
      }
    },
    "../ServerCore/node_modules/@typescript/vfs": {
      "version": "1.6.0",
      "dev": true,
      "license": "MIT",
      "dependencies": {
        "debug": "^4.1.1"
      },
      "peerDependencies": {
        "typescript": "*"
      }
    },
    "../ServerCore/node_modules/acorn": {
      "version": "8.13.0",
      "dev": true,
      "license": "MIT",
      "bin": {
        "acorn": "bin/acorn"
      },
      "engines": {
        "node": ">=0.4.0"
      }
    },
    "../ServerCore/node_modules/acorn-walk": {
      "version": "8.3.4",
      "dev": true,
      "license": "MIT",
      "dependencies": {
        "acorn": "^8.11.0"
      },
      "engines": {
        "node": ">=0.4.0"
      }
    },
    "../ServerCore/node_modules/anymatch": {
      "version": "3.1.3",
      "dev": true,
      "license": "ISC",
      "dependencies": {
        "normalize-path": "^3.0.0",
        "picomatch": "^2.0.4"
      },
      "engines": {
        "node": ">= 8"
      }
    },
    "../ServerCore/node_modules/arg": {
      "version": "4.1.3",
      "dev": true,
      "license": "MIT"
    },
    "../ServerCore/node_modules/balanced-match": {
      "version": "1.0.2",
      "dev": true,
      "license": "MIT"
    },
    "../ServerCore/node_modules/binary-extensions": {
      "version": "2.3.0",
      "dev": true,
      "license": "MIT",
      "engines": {
        "node": ">=8"
      },
      "funding": {
        "url": "https://github.com/sponsors/sindresorhus"
      }
    },
    "../ServerCore/node_modules/brace-expansion": {
      "version": "1.1.11",
      "dev": true,
      "license": "MIT",
      "dependencies": {
        "balanced-match": "^1.0.0",
        "concat-map": "0.0.1"
      }
    },
    "../ServerCore/node_modules/braces": {
      "version": "3.0.3",
      "dev": true,
      "license": "MIT",
      "dependencies": {
        "fill-range": "^7.1.1"
      },
      "engines": {
        "node": ">=8"
      }
    },
    "../ServerCore/node_modules/chokidar": {
      "version": "3.6.0",
      "dev": true,
      "license": "MIT",
      "dependencies": {
        "anymatch": "~3.1.2",
        "braces": "~3.0.2",
        "glob-parent": "~5.1.2",
        "is-binary-path": "~2.1.0",
        "is-glob": "~4.0.1",
        "normalize-path": "~3.0.0",
        "readdirp": "~3.6.0"
      },
      "engines": {
        "node": ">= 8.10.0"
      },
      "funding": {
        "url": "https://paulmillr.com/funding/"
      },
      "optionalDependencies": {
        "fsevents": "~2.3.2"
      }
    },
    "../ServerCore/node_modules/concat-map": {
      "version": "0.0.1",
      "dev": true,
      "license": "MIT"
    },
    "../ServerCore/node_modules/create-require": {
      "version": "1.1.1",
      "dev": true,
      "license": "MIT"
    },
    "../ServerCore/node_modules/debug": {
      "version": "4.3.7",
      "dev": true,
      "license": "MIT",
      "dependencies": {
        "ms": "^2.1.3"
      },
      "engines": {
        "node": ">=6.0"
      },
      "peerDependenciesMeta": {
        "supports-color": {
          "optional": true
        }
      }
    },
    "../ServerCore/node_modules/diff": {
      "version": "4.0.2",
      "dev": true,
      "license": "BSD-3-Clause",
      "engines": {
        "node": ">=0.3.1"
      }
    },
    "../ServerCore/node_modules/dotenv": {
      "version": "16.4.5",
      "license": "BSD-2-Clause",
      "engines": {
        "node": ">=12"
      },
      "funding": {
        "url": "https://dotenvx.com"
      }
    },
    "../ServerCore/node_modules/fill-range": {
      "version": "7.1.1",
      "dev": true,
      "license": "MIT",
      "dependencies": {
        "to-regex-range": "^5.0.1"
      },
      "engines": {
        "node": ">=8"
      }
    },
    "../ServerCore/node_modules/glob-parent": {
      "version": "5.1.2",
      "dev": true,
      "license": "ISC",
      "dependencies": {
        "is-glob": "^4.0.1"
      },
      "engines": {
        "node": ">= 6"
      }
    },
    "../ServerCore/node_modules/has-flag": {
      "version": "3.0.0",
      "dev": true,
      "license": "MIT",
      "engines": {
        "node": ">=4"
      }
    },
    "../ServerCore/node_modules/ignore-by-default": {
      "version": "1.0.1",
      "dev": true,
      "license": "ISC"
    },
    "../ServerCore/node_modules/is-binary-path": {
      "version": "2.1.0",
      "dev": true,
      "license": "MIT",
      "dependencies": {
        "binary-extensions": "^2.0.0"
      },
      "engines": {
        "node": ">=8"
      }
    },
    "../ServerCore/node_modules/is-extglob": {
      "version": "2.1.1",
      "dev": true,
      "license": "MIT",
      "engines": {
        "node": ">=0.10.0"
      }
    },
    "../ServerCore/node_modules/is-glob": {
      "version": "4.0.3",
      "dev": true,
      "license": "MIT",
      "dependencies": {
        "is-extglob": "^2.1.1"
      },
      "engines": {
        "node": ">=0.10.0"
      }
    },
    "../ServerCore/node_modules/is-number": {
      "version": "7.0.0",
      "dev": true,
      "license": "MIT",
      "engines": {
        "node": ">=0.12.0"
      }
    },
    "../ServerCore/node_modules/lodash": {
      "version": "4.17.21",
      "license": "MIT"
    },
    "../ServerCore/node_modules/make-error": {
      "version": "1.3.6",
      "dev": true,
      "license": "ISC"
    },
    "../ServerCore/node_modules/minimatch": {
      "version": "3.1.2",
      "dev": true,
      "license": "ISC",
      "dependencies": {
        "brace-expansion": "^1.1.7"
      },
      "engines": {
        "node": "*"
      }
    },
    "../ServerCore/node_modules/ms": {
      "version": "2.1.3",
      "dev": true,
      "license": "MIT"
    },
    "../ServerCore/node_modules/nodemon": {
      "version": "3.1.7",
      "dev": true,
      "license": "MIT",
      "dependencies": {
        "chokidar": "^3.5.2",
        "debug": "^4",
        "ignore-by-default": "^1.0.1",
        "minimatch": "^3.1.2",
        "pstree.remy": "^1.1.8",
        "semver": "^7.5.3",
        "simple-update-notifier": "^2.0.0",
        "supports-color": "^5.5.0",
        "touch": "^3.1.0",
        "undefsafe": "^2.0.5"
      },
      "bin": {
        "nodemon": "bin/nodemon.js"
      },
      "engines": {
        "node": ">=10"
      },
      "funding": {
        "type": "opencollective",
        "url": "https://opencollective.com/nodemon"
      }
    },
    "../ServerCore/node_modules/normalize-path": {
      "version": "3.0.0",
      "dev": true,
      "license": "MIT",
      "engines": {
        "node": ">=0.10.0"
      }
    },
    "../ServerCore/node_modules/picomatch": {
      "version": "2.3.1",
      "dev": true,
      "license": "MIT",
      "engines": {
        "node": ">=8.6"
      },
      "funding": {
        "url": "https://github.com/sponsors/jonschlinkert"
      }
    },
    "../ServerCore/node_modules/pstree.remy": {
      "version": "1.1.8",
      "dev": true,
      "license": "MIT"
    },
    "../ServerCore/node_modules/readdirp": {
      "version": "3.6.0",
      "dev": true,
      "license": "MIT",
      "dependencies": {
        "picomatch": "^2.2.1"
      },
      "engines": {
        "node": ">=8.10.0"
      }
    },
    "../ServerCore/node_modules/semver": {
      "version": "7.6.3",
      "dev": true,
      "license": "ISC",
      "bin": {
        "semver": "bin/semver.js"
      },
      "engines": {
        "node": ">=10"
      }
    },
    "../ServerCore/node_modules/simple-update-notifier": {
      "version": "2.0.0",
      "dev": true,
      "license": "MIT",
      "dependencies": {
        "semver": "^7.5.3"
      },
      "engines": {
        "node": ">=10"
      }
    },
    "../ServerCore/node_modules/supports-color": {
      "version": "5.5.0",
      "dev": true,
      "license": "MIT",
      "dependencies": {
        "has-flag": "^3.0.0"
      },
      "engines": {
        "node": ">=4"
      }
    },
    "../ServerCore/node_modules/to-regex-range": {
      "version": "5.0.1",
      "dev": true,
      "license": "MIT",
      "dependencies": {
        "is-number": "^7.0.0"
      },
      "engines": {
        "node": ">=8.0"
      }
    },
    "../ServerCore/node_modules/touch": {
      "version": "3.1.1",
      "dev": true,
      "license": "ISC",
      "bin": {
        "nodetouch": "bin/nodetouch.js"
      }
    },
    "../ServerCore/node_modules/ts-node": {
      "version": "10.9.2",
      "dev": true,
      "license": "MIT",
      "dependencies": {
        "@cspotcode/source-map-support": "^0.8.0",
        "@tsconfig/node10": "^1.0.7",
        "@tsconfig/node12": "^1.0.7",
        "@tsconfig/node14": "^1.0.0",
        "@tsconfig/node16": "^1.0.2",
        "acorn": "^8.4.1",
        "acorn-walk": "^8.1.1",
        "arg": "^4.1.0",
        "create-require": "^1.1.0",
        "diff": "^4.0.1",
        "make-error": "^1.1.1",
        "v8-compile-cache-lib": "^3.0.1",
        "yn": "3.1.1"
      },
      "bin": {
        "ts-node": "dist/bin.js",
        "ts-node-cwd": "dist/bin-cwd.js",
        "ts-node-esm": "dist/bin-esm.js",
        "ts-node-script": "dist/bin-script.js",
        "ts-node-transpile-only": "dist/bin-transpile.js",
        "ts-script": "dist/bin-script-deprecated.js"
      },
      "peerDependencies": {
        "@swc/core": ">=1.2.50",
        "@swc/wasm": ">=1.2.50",
        "@types/node": "*",
        "typescript": ">=2.7"
      },
      "peerDependenciesMeta": {
        "@swc/core": {
          "optional": true
        },
        "@swc/wasm": {
          "optional": true
        }
      }
    },
    "../ServerCore/node_modules/typescript": {
      "version": "5.6.3",
      "dev": true,
      "license": "Apache-2.0",
      "bin": {
        "tsc": "bin/tsc",
        "tsserver": "bin/tsserver"
      },
      "engines": {
        "node": ">=14.17"
      }
    },
    "../ServerCore/node_modules/undefsafe": {
      "version": "2.0.5",
      "dev": true,
      "license": "MIT"
    },
    "../ServerCore/node_modules/undici-types": {
      "version": "6.19.8",
      "dev": true,
      "license": "MIT"
    },
    "../ServerCore/node_modules/v8-compile-cache-lib": {
      "version": "3.0.1",
      "dev": true,
      "license": "MIT"
    },
    "../ServerCore/node_modules/yn": {
      "version": "3.1.1",
      "dev": true,
      "license": "MIT",
      "engines": {
        "node": ">=6"
      }
    },
    "node_modules/@bufbuild/buf": {
      "version": "1.46.0",
      "resolved": "https://registry.npmjs.org/@bufbuild/buf/-/buf-1.46.0.tgz",
      "integrity": "sha512-uN3NKuAKvcQcZc1hn9+njSCusL7NAILqQI7mlkDDa4kRy7cTsiw53ggddfAs0YXbQ8zZnmudwwWjKRDIUaRqXQ==",
      "dev": true,
      "hasInstallScript": true,
      "bin": {
        "buf": "bin/buf",
        "protoc-gen-buf-breaking": "bin/protoc-gen-buf-breaking",
        "protoc-gen-buf-lint": "bin/protoc-gen-buf-lint"
      },
      "engines": {
        "node": ">=12"
      },
      "optionalDependencies": {
        "@bufbuild/buf-darwin-arm64": "1.46.0",
        "@bufbuild/buf-darwin-x64": "1.46.0",
        "@bufbuild/buf-linux-aarch64": "1.46.0",
        "@bufbuild/buf-linux-x64": "1.46.0",
        "@bufbuild/buf-win32-arm64": "1.46.0",
        "@bufbuild/buf-win32-x64": "1.46.0"
      }
    },
    "node_modules/@bufbuild/buf-darwin-arm64": {
      "version": "1.46.0",
      "resolved": "https://registry.npmjs.org/@bufbuild/buf-darwin-arm64/-/buf-darwin-arm64-1.46.0.tgz",
      "integrity": "sha512-lSmTKyRhg+71acXp9QeX/wm+vjkf0J3n38wph7KOwMfCEeK4A2AkqsGOkoXSiaIvidA2pRU9RJRQYfryzCA9Pg==",
      "cpu": [
        "arm64"
      ],
      "dev": true,
      "optional": true,
      "os": [
        "darwin"
      ],
      "engines": {
        "node": ">=12"
      }
    },
    "node_modules/@bufbuild/buf-darwin-x64": {
      "version": "1.46.0",
      "resolved": "https://registry.npmjs.org/@bufbuild/buf-darwin-x64/-/buf-darwin-x64-1.46.0.tgz",
      "integrity": "sha512-Oa9XTLJshsEjzowyt2mH9XrXW38DRFdz7ml+IYKXVQPotNLr04ix7QES7A1eOBJtxLwuTiri4ScXuBLQGNX8+A==",
      "cpu": [
        "x64"
      ],
      "dev": true,
      "optional": true,
      "os": [
        "darwin"
      ],
      "engines": {
        "node": ">=12"
      }
    },
    "node_modules/@bufbuild/buf-linux-aarch64": {
      "version": "1.46.0",
      "resolved": "https://registry.npmjs.org/@bufbuild/buf-linux-aarch64/-/buf-linux-aarch64-1.46.0.tgz",
      "integrity": "sha512-CbxbLH5sQCRjEKVEcWJySvCKyAPAUhX0vCTifT/eQyZ70FUsqCJKJ6+dKl6Ajk0CgUHqf8jkU/wX/+aQFYXyaA==",
      "cpu": [
        "arm64"
      ],
      "dev": true,
      "optional": true,
      "os": [
        "linux"
      ],
      "engines": {
        "node": ">=12"
      }
    },
    "node_modules/@bufbuild/buf-linux-x64": {
      "version": "1.46.0",
      "resolved": "https://registry.npmjs.org/@bufbuild/buf-linux-x64/-/buf-linux-x64-1.46.0.tgz",
      "integrity": "sha512-bMqp+Q+16KPbuwX34/OLDeiimnwt5sfvHqyeMeRz4LLwLshbmM3m+8dGCSHZRo3Lr+4gW1PfunrfaEmcGqPHLQ==",
      "cpu": [
        "x64"
      ],
      "dev": true,
      "optional": true,
      "os": [
        "linux"
      ],
      "engines": {
        "node": ">=12"
      }
    },
    "node_modules/@bufbuild/buf-win32-arm64": {
      "version": "1.46.0",
      "resolved": "https://registry.npmjs.org/@bufbuild/buf-win32-arm64/-/buf-win32-arm64-1.46.0.tgz",
      "integrity": "sha512-geVYXp1PWJiAAFpwhgP8Cnct0+Rdr89BF/WZoIh5WwFGYITGiu5Hb1Ui9DTrEYwDzahPCyPxgIVwzzW6kPWSag==",
      "cpu": [
        "arm64"
      ],
      "dev": true,
      "optional": true,
      "os": [
        "win32"
      ],
      "engines": {
        "node": ">=12"
      }
    },
    "node_modules/@bufbuild/buf-win32-x64": {
      "version": "1.46.0",
      "resolved": "https://registry.npmjs.org/@bufbuild/buf-win32-x64/-/buf-win32-x64-1.46.0.tgz",
      "integrity": "sha512-6nsxkzj5a1L41NOJFKjli8j6GB/NkPHLIr0T/b27Y3GfprVYQawOComYD5HfojvBLuAiE2cD/kEQIWKK1YRcng==",
      "cpu": [
        "x64"
      ],
      "dev": true,
      "optional": true,
      "os": [
        "win32"
      ],
      "engines": {
        "node": ">=12"
      }
    },
    "node_modules/@bufbuild/protobuf": {
      "version": "2.2.1",
      "resolved": "https://registry.npmjs.org/@bufbuild/protobuf/-/protobuf-2.2.1.tgz",
      "integrity": "sha512-gdWzq7eX017a1kZCU/bP/sbk4e0GZ6idjsXOcMrQwODCb/rx985fHJJ8+hCu79KpuG7PfZh7bo3BBjPH37JuZw=="
    },
    "node_modules/@bufbuild/protoc-gen-es": {
      "version": "2.2.1",
      "resolved": "https://registry.npmjs.org/@bufbuild/protoc-gen-es/-/protoc-gen-es-2.2.1.tgz",
      "integrity": "sha512-ysaQTf52lYQTdK0zWpfgxKHVQqCoSe6TV3rD+JZUbiyqT4zloII7VZqmAWXoHk0SZiWdCIvkzMIHQpBxN7v6nA==",
      "dev": true,
      "dependencies": {
        "@bufbuild/protobuf": "^2.2.1",
        "@bufbuild/protoplugin": "2.2.1"
      },
      "bin": {
        "protoc-gen-es": "bin/protoc-gen-es"
      },
      "engines": {
        "node": ">=14"
      },
      "peerDependencies": {
        "@bufbuild/protobuf": "2.2.1"
      },
      "peerDependenciesMeta": {
        "@bufbuild/protobuf": {
          "optional": true
        }
      }
    },
    "node_modules/@bufbuild/protoplugin": {
      "version": "2.2.1",
      "resolved": "https://registry.npmjs.org/@bufbuild/protoplugin/-/protoplugin-2.2.1.tgz",
      "integrity": "sha512-dyHRQeUSwMIKSoZZ4l6CuXnggdwf3qlAMppHeKObK1OD++4qdhTveDGmTC+ASFF3IZkoxSYPUq+3e3OdRIKCYg==",
      "dev": true,
      "dependencies": {
        "@bufbuild/protobuf": "2.2.1",
        "@typescript/vfs": "^1.5.2",
        "typescript": "5.4.5"
      }
    },
    "node_modules/@bufbuild/protoplugin/node_modules/typescript": {
      "version": "5.4.5",
      "resolved": "https://registry.npmjs.org/typescript/-/typescript-5.4.5.tgz",
      "integrity": "sha512-vcI4UpRgg81oIRUFwR0WSIHKt11nJ7SAVlYNIu+QpqeyXP+gpQJy/Z4+F0aGxSE4MqwjyXvW/TzgkLAx2AGHwQ==",
      "dev": true,
      "bin": {
        "tsc": "bin/tsc",
        "tsserver": "bin/tsserver"
      },
      "engines": {
        "node": ">=14.17"
      }
    },
    "node_modules/@cspotcode/source-map-support": {
      "version": "0.8.1",
      "dev": true,
      "license": "MIT",
      "dependencies": {
        "@jridgewell/trace-mapping": "0.3.9"
      },
      "engines": {
        "node": ">=12"
      }
    },
    "node_modules/@jridgewell/resolve-uri": {
      "version": "3.1.2",
      "dev": true,
      "license": "MIT",
      "engines": {
        "node": ">=6.0.0"
      }
    },
    "node_modules/@jridgewell/sourcemap-codec": {
      "version": "1.5.0",
      "dev": true,
      "license": "MIT"
    },
    "node_modules/@jridgewell/trace-mapping": {
      "version": "0.3.9",
      "dev": true,
      "license": "MIT",
      "dependencies": {
        "@jridgewell/resolve-uri": "^3.0.3",
        "@jridgewell/sourcemap-codec": "^1.4.10"
      }
    },
    "node_modules/@tsconfig/node10": {
      "version": "1.0.11",
      "dev": true,
      "license": "MIT"
    },
    "node_modules/@tsconfig/node12": {
      "version": "1.0.11",
      "dev": true,
      "license": "MIT"
    },
    "node_modules/@tsconfig/node14": {
      "version": "1.0.3",
      "dev": true,
      "license": "MIT"
    },
    "node_modules/@tsconfig/node16": {
      "version": "1.0.4",
      "dev": true,
      "license": "MIT"
    },
    "node_modules/@types/body-parser": {
      "version": "1.19.5",
      "resolved": "https://registry.npmjs.org/@types/body-parser/-/body-parser-1.19.5.tgz",
      "integrity": "sha512-fB3Zu92ucau0iQ0JMCFQE7b/dv8Ot07NI3KaZIkIUNXq82k4eBAqUaneXfleGY9JWskeS9y+u0nXMyspcuQrCg==",
      "dev": true,
      "dependencies": {
        "@types/connect": "*",
        "@types/node": "*"
      }
    },
    "node_modules/@types/connect": {
      "version": "3.4.38",
      "resolved": "https://registry.npmjs.org/@types/connect/-/connect-3.4.38.tgz",
      "integrity": "sha512-K6uROf1LD88uDQqJCktA4yzL1YYAK6NgfsI0v/mTgyPKWsX1CnJ0XPSDhViejru1GcRkLWb8RlzFYJRqGUbaug==",
      "dev": true,
      "dependencies": {
        "@types/node": "*"
      }
    },
    "node_modules/@types/express": {
      "version": "5.0.0",
      "resolved": "https://registry.npmjs.org/@types/express/-/express-5.0.0.tgz",
      "integrity": "sha512-DvZriSMehGHL1ZNLzi6MidnsDhUZM/x2pRdDIKdwbUNqqwHxMlRdkxtn6/EPKyqKpHqTl/4nRZsRNLpZxZRpPQ==",
      "dev": true,
      "dependencies": {
        "@types/body-parser": "*",
        "@types/express-serve-static-core": "^5.0.0",
        "@types/qs": "*",
        "@types/serve-static": "*"
      }
    },
    "node_modules/@types/express-serve-static-core": {
      "version": "5.0.1",
      "resolved": "https://registry.npmjs.org/@types/express-serve-static-core/-/express-serve-static-core-5.0.1.tgz",
      "integrity": "sha512-CRICJIl0N5cXDONAdlTv5ShATZ4HEwk6kDDIW2/w9qOWKg+NU/5F8wYRWCrONad0/UKkloNSmmyN/wX4rtpbVA==",
      "dev": true,
      "dependencies": {
        "@types/node": "*",
        "@types/qs": "*",
        "@types/range-parser": "*",
        "@types/send": "*"
      }
    },
    "node_modules/@types/http-errors": {
      "version": "2.0.4",
      "resolved": "https://registry.npmjs.org/@types/http-errors/-/http-errors-2.0.4.tgz",
      "integrity": "sha512-D0CFMMtydbJAegzOyHjtiKPLlvnm3iTZyZRSZoLq2mRhDdmLfIWOCYPfQJ4cu2erKghU++QvjcUjp/5h7hESpA==",
      "dev": true
    },
    "node_modules/@types/mime": {
      "version": "1.3.5",
      "resolved": "https://registry.npmjs.org/@types/mime/-/mime-1.3.5.tgz",
      "integrity": "sha512-/pyBZWSLD2n0dcHE3hq8s8ZvcETHtEuF+3E7XVt0Ig2nvsVQXdghHVcEkIWjy9A0wKfTn97a/PSDYohKIlnP/w==",
      "dev": true
    },
    "node_modules/@types/node": {
      "version": "22.8.4",
      "resolved": "https://registry.npmjs.org/@types/node/-/node-22.8.4.tgz",
      "integrity": "sha512-SpNNxkftTJOPk0oN+y2bIqurEXHTA2AOZ3EJDDKeJ5VzkvvORSvmQXGQarcOzWV1ac7DCaPBEdMDxBsM+d8jWw==",
      "dev": true,
      "dependencies": {
        "undici-types": "~6.19.8"
      }
    },
    "node_modules/@types/qs": {
      "version": "6.9.16",
      "resolved": "https://registry.npmjs.org/@types/qs/-/qs-6.9.16.tgz",
      "integrity": "sha512-7i+zxXdPD0T4cKDuxCUXJ4wHcsJLwENa6Z3dCu8cfCK743OGy5Nu1RmAGqDPsoTDINVEcdXKRvR/zre+P2Ku1A==",
      "dev": true
    },
    "node_modules/@types/range-parser": {
      "version": "1.2.7",
      "resolved": "https://registry.npmjs.org/@types/range-parser/-/range-parser-1.2.7.tgz",
      "integrity": "sha512-hKormJbkJqzQGhziax5PItDUTMAM9uE2XXQmM37dyd4hVM+5aVl7oVxMVUiVQn2oCQFN/LKCZdvSM0pFRqbSmQ==",
      "dev": true
    },
    "node_modules/@types/send": {
      "version": "0.17.4",
      "resolved": "https://registry.npmjs.org/@types/send/-/send-0.17.4.tgz",
      "integrity": "sha512-x2EM6TJOybec7c52BX0ZspPodMsQUd5L6PRwOunVyVUhXiBSKf3AezDL8Dgvgt5o0UfKNfuA0eMLr2wLT4AiBA==",
      "dev": true,
      "dependencies": {
        "@types/mime": "^1",
        "@types/node": "*"
      }
    },
    "node_modules/@types/serve-static": {
      "version": "1.15.7",
      "resolved": "https://registry.npmjs.org/@types/serve-static/-/serve-static-1.15.7.tgz",
      "integrity": "sha512-W8Ym+h8nhuRwaKPaDw34QUkwsGi6Rc4yYqvKFo5rm2FUEhCFbzVWrxXUxuKK8TASjWsysJY0nsmNCGhCOIsrOw==",
      "dev": true,
      "dependencies": {
        "@types/http-errors": "*",
        "@types/node": "*",
        "@types/send": "*"
      }
    },
    "node_modules/@types/uuid": {
      "version": "10.0.0",
      "resolved": "https://registry.npmjs.org/@types/uuid/-/uuid-10.0.0.tgz",
      "integrity": "sha512-7gqG38EyHgyP1S+7+xomFtL+ZNHcKv6DwNaCZmJmo1vgMugyF3TCnXVg4t1uk89mLNwnLtnY3TpOpCOyp1/xHQ==",
      "dev": true
    },
    "node_modules/@typescript/vfs": {
      "version": "1.6.0",
      "resolved": "https://registry.npmjs.org/@typescript/vfs/-/vfs-1.6.0.tgz",
      "integrity": "sha512-hvJUjNVeBMp77qPINuUvYXj4FyWeeMMKZkxEATEU3hqBAQ7qdTBCUFT7Sp0Zu0faeEtFf+ldXxMEDr/bk73ISg==",
      "dev": true,
      "dependencies": {
        "debug": "^4.1.1"
      },
      "peerDependencies": {
        "typescript": "*"
      }
    },
    "node_modules/acorn": {
      "version": "8.14.0",
      "license": "MIT",
      "bin": {
        "acorn": "bin/acorn"
      },
      "engines": {
        "node": ">=0.4.0"
      }
    },
    "node_modules/acorn-walk": {
      "version": "8.3.4",
      "license": "MIT",
      "dependencies": {
        "acorn": "^8.11.0"
      },
      "engines": {
        "node": ">=0.4.0"
      }
    },
    "node_modules/anymatch": {
      "version": "3.1.3",
      "license": "ISC",
      "dependencies": {
        "normalize-path": "^3.0.0",
        "picomatch": "^2.0.4"
      },
      "engines": {
        "node": ">= 8"
      }
    },
    "node_modules/arg": {
      "version": "4.1.3",
      "license": "MIT"
    },
    "node_modules/aws-ssl-profiles": {
      "version": "1.1.2",
      "license": "MIT",
      "engines": {
        "node": ">= 6.0.0"
      }
    },
    "node_modules/balanced-match": {
      "version": "1.0.2",
      "license": "MIT"
    },
    "node_modules/binary-extensions": {
      "version": "2.3.0",
      "license": "MIT",
      "engines": {
        "node": ">=8"
      },
      "funding": {
        "url": "https://github.com/sponsors/sindresorhus"
      }
    },
    "node_modules/brace-expansion": {
      "version": "1.1.11",
      "license": "MIT",
      "dependencies": {
        "balanced-match": "^1.0.0",
        "concat-map": "0.0.1"
      }
    },
    "node_modules/braces": {
      "version": "3.0.3",
      "license": "MIT",
      "dependencies": {
        "fill-range": "^7.1.1"
      },
      "engines": {
        "node": ">=8"
      }
    },
    "node_modules/case-anything": {
      "version": "2.1.13",
      "license": "MIT",
      "engines": {
        "node": ">=12.13"
      },
      "funding": {
        "url": "https://github.com/sponsors/mesqueeb"
      }
    },
    "node_modules/chokidar": {
      "version": "3.6.0",
      "license": "MIT",
      "dependencies": {
        "anymatch": "~3.1.2",
        "braces": "~3.0.2",
        "glob-parent": "~5.1.2",
        "is-binary-path": "~2.1.0",
        "is-glob": "~4.0.1",
        "normalize-path": "~3.0.0",
        "readdirp": "~3.6.0"
      },
      "engines": {
        "node": ">= 8.10.0"
      },
      "funding": {
        "url": "https://paulmillr.com/funding/"
      },
      "optionalDependencies": {
        "fsevents": "~2.3.2"
      }
    },
    "node_modules/concat-map": {
      "version": "0.0.1",
      "license": "MIT"
    },
    "node_modules/create-require": {
      "version": "1.1.1",
      "license": "MIT"
    },
    "node_modules/debug": {
      "version": "4.3.7",
      "license": "MIT",
      "dependencies": {
        "ms": "^2.1.3"
      },
      "engines": {
        "node": ">=6.0"
      },
      "peerDependenciesMeta": {
        "supports-color": {
          "optional": true
        }
      }
    },
    "node_modules/denque": {
      "version": "2.1.0",
      "license": "Apache-2.0",
      "engines": {
        "node": ">=0.10"
      }
    },
    "node_modules/detect-libc": {
      "version": "1.0.3",
      "license": "Apache-2.0",
      "bin": {
        "detect-libc": "bin/detect-libc.js"
      },
      "engines": {
        "node": ">=0.10"
      }
    },
    "node_modules/diff": {
      "version": "4.0.2",
      "license": "BSD-3-Clause",
      "engines": {
        "node": ">=0.3.1"
      }
    },
    "node_modules/dotenv": {
      "version": "16.4.5",
      "license": "BSD-2-Clause",
      "engines": {
        "node": ">=12"
      },
      "funding": {
        "url": "https://dotenvx.com"
      }
    },
    "node_modules/dprint-node": {
      "version": "1.0.8",
      "license": "MIT",
      "dependencies": {
        "detect-libc": "^1.0.3"
      }
    },
    "node_modules/fill-range": {
      "version": "7.1.1",
      "license": "MIT",
      "dependencies": {
        "to-regex-range": "^5.0.1"
      },
      "engines": {
        "node": ">=8"
      }
    },
    "node_modules/generate-function": {
      "version": "2.3.1",
      "license": "MIT",
      "dependencies": {
        "is-property": "^1.0.2"
      }
    },
    "node_modules/glob-parent": {
      "version": "5.1.2",
      "license": "ISC",
      "dependencies": {
        "is-glob": "^4.0.1"
      },
      "engines": {
        "node": ">= 6"
      }
    },
    "node_modules/has-flag": {
      "version": "3.0.0",
      "license": "MIT",
      "engines": {
        "node": ">=4"
      }
    },
    "node_modules/iconv-lite": {
      "version": "0.6.3",
      "license": "MIT",
      "dependencies": {
        "safer-buffer": ">= 2.1.2 < 3.0.0"
      },
      "engines": {
        "node": ">=0.10.0"
      }
    },
    "node_modules/ignore-by-default": {
      "version": "1.0.1",
      "license": "ISC"
    },
    "node_modules/is-binary-path": {
      "version": "2.1.0",
      "license": "MIT",
      "dependencies": {
        "binary-extensions": "^2.0.0"
      },
      "engines": {
        "node": ">=8"
      }
    },
    "node_modules/is-extglob": {
      "version": "2.1.1",
      "license": "MIT",
      "engines": {
        "node": ">=0.10.0"
      }
    },
    "node_modules/is-glob": {
      "version": "4.0.3",
      "license": "MIT",
      "dependencies": {
        "is-extglob": "^2.1.1"
      },
      "engines": {
        "node": ">=0.10.0"
      }
    },
    "node_modules/is-number": {
      "version": "7.0.0",
      "license": "MIT",
      "engines": {
        "node": ">=0.12.0"
      }
    },
    "node_modules/is-property": {
      "version": "1.0.2",
      "license": "MIT"
    },
    "node_modules/json5": {
      "version": "2.2.3",
      "license": "MIT",
      "bin": {
        "json5": "lib/cli.js"
      },
      "engines": {
        "node": ">=6"
      }
    },
    "node_modules/lodash": {
      "version": "4.17.21",
      "license": "MIT"
    },
    "node_modules/long": {
      "version": "5.2.3",
      "license": "Apache-2.0"
    },
    "node_modules/lru-cache": {
      "version": "7.18.3",
      "license": "ISC",
      "engines": {
        "node": ">=12"
      }
    },
    "node_modules/lru.min": {
      "version": "1.1.1",
      "license": "MIT",
      "engines": {
        "bun": ">=1.0.0",
        "deno": ">=1.30.0",
        "node": ">=8.0.0"
      },
      "funding": {
        "type": "github",
        "url": "https://github.com/sponsors/wellwelwel"
      }
    },
    "node_modules/make-error": {
      "version": "1.3.6",
      "license": "ISC"
    },
    "node_modules/minimatch": {
      "version": "3.1.2",
      "license": "ISC",
      "dependencies": {
        "brace-expansion": "^1.1.7"
      },
      "engines": {
        "node": "*"
      }
    },
    "node_modules/minimist": {
      "version": "1.2.8",
      "license": "MIT",
      "funding": {
        "url": "https://github.com/sponsors/ljharb"
      }
    },
    "node_modules/ms": {
      "version": "2.1.3",
      "license": "MIT"
    },
    "node_modules/mysql2": {
      "version": "3.11.3",
      "license": "MIT",
      "dependencies": {
        "aws-ssl-profiles": "^1.1.1",
        "denque": "^2.1.0",
        "generate-function": "^2.3.1",
        "iconv-lite": "^0.6.3",
        "long": "^5.2.1",
        "lru.min": "^1.0.0",
        "named-placeholders": "^1.1.3",
        "seq-queue": "^0.0.5",
        "sqlstring": "^2.3.2"
      },
      "engines": {
        "node": ">= 8.0"
      }
    },
    "node_modules/named-placeholders": {
      "version": "1.1.3",
      "license": "MIT",
      "dependencies": {
        "lru-cache": "^7.14.1"
      },
      "engines": {
        "node": ">=12.0.0"
      }
    },
    "node_modules/nodemon": {
      "version": "3.1.7",
      "resolved": "https://registry.npmjs.org/nodemon/-/nodemon-3.1.7.tgz",
      "integrity": "sha512-hLj7fuMow6f0lbB0cD14Lz2xNjwsyruH251Pk4t/yIitCFJbmY1myuLlHm/q06aST4jg6EgAh74PIBBrRqpVAQ==",
      "dev": true,
      "dependencies": {
        "chokidar": "^3.5.2",
        "debug": "^4",
        "ignore-by-default": "^1.0.1",
        "minimatch": "^3.1.2",
        "pstree.remy": "^1.1.8",
        "semver": "^7.5.3",
        "simple-update-notifier": "^2.0.0",
        "supports-color": "^5.5.0",
        "touch": "^3.1.0",
        "undefsafe": "^2.0.5"
      },
      "bin": {
        "nodemon": "bin/nodemon.js"
      },
      "engines": {
        "node": ">=10"
      },
      "funding": {
        "type": "opencollective",
        "url": "https://opencollective.com/nodemon"
      }
    },
    "node_modules/normalize-path": {
      "version": "3.0.0",
      "license": "MIT",
      "engines": {
        "node": ">=0.10.0"
      }
    },
    "node_modules/picomatch": {
      "version": "2.3.1",
      "license": "MIT",
      "engines": {
        "node": ">=8.6"
      },
      "funding": {
        "url": "https://github.com/sponsors/jonschlinkert"
      }
    },
    "node_modules/prettier": {
      "version": "3.3.3",
      "license": "MIT",
      "bin": {
        "prettier": "bin/prettier.cjs"
      },
      "engines": {
        "node": ">=14"
      },
      "funding": {
        "url": "https://github.com/prettier/prettier?sponsor=1"
      }
    },
    "node_modules/pstree.remy": {
      "version": "1.1.8",
      "license": "MIT"
    },
    "node_modules/readdirp": {
      "version": "3.6.0",
      "license": "MIT",
      "dependencies": {
        "picomatch": "^2.2.1"
      },
      "engines": {
        "node": ">=8.10.0"
      }
    },
    "node_modules/safer-buffer": {
      "version": "2.1.2",
      "license": "MIT"
    },
    "node_modules/semver": {
      "version": "7.6.3",
      "license": "ISC",
      "bin": {
        "semver": "bin/semver.js"
      },
      "engines": {
        "node": ">=10"
      }
    },
    "node_modules/seq-queue": {
      "version": "0.0.5"
    },
    "node_modules/servercore": {
      "resolved": "../ServerCore",
      "link": true
    },
    "node_modules/simple-update-notifier": {
      "version": "2.0.0",
      "license": "MIT",
      "dependencies": {
        "semver": "^7.5.3"
      },
      "engines": {
        "node": ">=10"
      }
    },
    "node_modules/sqlstring": {
      "version": "2.3.3",
      "license": "MIT",
      "engines": {
        "node": ">= 0.6"
      }
    },
    "node_modules/strip-bom": {
      "version": "3.0.0",
      "license": "MIT",
      "engines": {
        "node": ">=4"
      }
    },
    "node_modules/supports-color": {
      "version": "5.5.0",
      "license": "MIT",
      "dependencies": {
        "has-flag": "^3.0.0"
      },
      "engines": {
        "node": ">=4"
      }
    },
    "node_modules/to-regex-range": {
      "version": "5.0.1",
      "license": "MIT",
      "dependencies": {
        "is-number": "^7.0.0"
      },
      "engines": {
        "node": ">=8.0"
      }
    },
    "node_modules/touch": {
      "version": "3.1.1",
      "license": "ISC",
      "bin": {
        "nodetouch": "bin/nodetouch.js"
      }
    },
    "node_modules/ts-node": {
      "version": "10.9.2",
      "resolved": "https://registry.npmjs.org/ts-node/-/ts-node-10.9.2.tgz",
      "integrity": "sha512-f0FFpIdcHgn8zcPSbf1dRevwt047YMnaiJM3u2w2RewrB+fob/zePZcrOyQoLMMO7aBIddLcQIEK5dYjkLnGrQ==",
      "dev": true,
      "dependencies": {
        "@cspotcode/source-map-support": "^0.8.0",
        "@tsconfig/node10": "^1.0.7",
        "@tsconfig/node12": "^1.0.7",
        "@tsconfig/node14": "^1.0.0",
        "@tsconfig/node16": "^1.0.2",
        "acorn": "^8.4.1",
        "acorn-walk": "^8.1.1",
        "arg": "^4.1.0",
        "create-require": "^1.1.0",
        "diff": "^4.0.1",
        "make-error": "^1.1.1",
        "v8-compile-cache-lib": "^3.0.1",
        "yn": "3.1.1"
      },
      "bin": {
        "ts-node": "dist/bin.js",
        "ts-node-cwd": "dist/bin-cwd.js",
        "ts-node-esm": "dist/bin-esm.js",
        "ts-node-script": "dist/bin-script.js",
        "ts-node-transpile-only": "dist/bin-transpile.js",
        "ts-script": "dist/bin-script-deprecated.js"
      },
      "peerDependencies": {
        "@swc/core": ">=1.2.50",
        "@swc/wasm": ">=1.2.50",
        "@types/node": "*",
        "typescript": ">=2.7"
      },
      "peerDependenciesMeta": {
        "@swc/core": {
          "optional": true
        },
        "@swc/wasm": {
          "optional": true
        }
      }
    },
    "node_modules/ts-poet": {
      "version": "6.9.0",
      "license": "Apache-2.0",
      "dependencies": {
        "dprint-node": "^1.0.8"
      }
    },
    "node_modules/ts-proto": {
      "version": "2.2.5",
      "license": "ISC",
      "dependencies": {
        "@bufbuild/protobuf": "^2.0.0",
        "case-anything": "^2.1.13",
        "ts-poet": "^6.7.0",
        "ts-proto-descriptors": "2.0.0"
      },
      "bin": {
        "protoc-gen-ts_proto": "protoc-gen-ts_proto"
      }
    },
    "node_modules/ts-proto-descriptors": {
      "version": "2.0.0",
      "license": "ISC",
      "dependencies": {
        "@bufbuild/protobuf": "^2.0.0"
      }
    },
    "node_modules/tsconfig-paths": {
      "version": "4.2.0",
      "license": "MIT",
      "dependencies": {
        "json5": "^2.2.2",
        "minimist": "^1.2.6",
        "strip-bom": "^3.0.0"
      },
      "engines": {
        "node": ">=6"
      }
    },
    "node_modules/typescript": {
      "version": "5.6.3",
      "resolved": "https://registry.npmjs.org/typescript/-/typescript-5.6.3.tgz",
      "integrity": "sha512-hjcS1mhfuyi4WW8IWtjP7brDrG2cuDZukyrYrSauoXGNgx0S7zceP07adYkJycEr56BOUTNPzbInooiN3fn1qw==",
      "dev": true,
      "bin": {
        "tsc": "bin/tsc",
        "tsserver": "bin/tsserver"
      },
      "engines": {
        "node": ">=14.17"
      }
    },
    "node_modules/undefsafe": {
      "version": "2.0.5",
      "license": "MIT"
    },
    "node_modules/undici-types": {
      "version": "6.19.8",
      "license": "MIT"
    },
    "node_modules/uuid": {
      "version": "10.0.0",
      "resolved": "https://registry.npmjs.org/uuid/-/uuid-10.0.0.tgz",
      "integrity": "sha512-8XkAphELsDnEGrDxUOHB3RGvXz6TeuYSGEZBOjtTtPm2lwhGBjLgOzLHB63IUWfBpNucQjND6d3AOudO+H3RWQ==",
      "funding": [
        "https://github.com/sponsors/broofa",
        "https://github.com/sponsors/ctavan"
      ],
      "bin": {
        "uuid": "dist/bin/uuid"
      }
    },
    "node_modules/v8-compile-cache-lib": {
      "version": "3.0.1",
      "license": "MIT"
    },
    "node_modules/yn": {
      "version": "3.1.1",
      "license": "MIT",
      "engines": {
        "node": ">=6"
      }
    }
  }
}
